// !$*UTF8*$!
{
	archiveVersion = 1;
	classes = {
	};
	objectVersion = 46;
	objects = {

/* Begin PBXBuildFile section */
		1EA5A0581E8BA31000923935 /* bg.jpg in Resources */ = {isa = PBXBuildFile; fileRef = 1EA5A0571E8BA31000923935 /* bg.jpg */; };
		1EA5A05B1E8BA36600923935 /* UINavigationBar+Awesome.m in Sources */ = {isa = PBXBuildFile; fileRef = 1EA5A05A1E8BA36600923935 /* UINavigationBar+Awesome.m */; };
		1EA5A05E1E8CD32F00923935 /* NSMutableArray+Extension.m in Sources */ = {isa = PBXBuildFile; fileRef = 1EA5A05D1E8CD32F00923935 /* NSMutableArray+Extension.m */; };
		1ECE52191E744B0800F9E17C /* hm_refresh1@2x.png in Resources */ = {isa = PBXBuildFile; fileRef = 1ECE52181E744B0800F9E17C /* hm_refresh1@2x.png */; };
		1ECE521C1E744F1400F9E17C /* Address.m in Sources */ = {isa = PBXBuildFile; fileRef = 1ECE521B1E744F1400F9E17C /* Address.m */; };
		1ED9EFA11E69ABCA002E4693 /* main.m in Sources */ = {isa = PBXBuildFile; fileRef = 1ED9EFA01E69ABCA002E4693 /* main.m */; };
		1ED9EFA41E69ABCA002E4693 /* AppDelegate.m in Sources */ = {isa = PBXBuildFile; fileRef = 1ED9EFA31E69ABCA002E4693 /* AppDelegate.m */; };
		1ED9EFA71E69ABCA002E4693 /* ViewController.m in Sources */ = {isa = PBXBuildFile; fileRef = 1ED9EFA61E69ABCA002E4693 /* ViewController.m */; };
		1ED9EFAA1E69ABCA002E4693 /* Main.storyboard in Resources */ = {isa = PBXBuildFile; fileRef = 1ED9EFA81E69ABCA002E4693 /* Main.storyboard */; };
		1ED9EFAD1E69ABCA002E4693 /* TestButtonClicked.xcdatamodeld in Sources */ = {isa = PBXBuildFile; fileRef = 1ED9EFAB1E69ABCA002E4693 /* TestButtonClicked.xcdatamodeld */; };
		1ED9EFAF1E69ABCA002E4693 /* Assets.xcassets in Resources */ = {isa = PBXBuildFile; fileRef = 1ED9EFAE1E69ABCA002E4693 /* Assets.xcassets */; };
		1ED9EFB21E69ABCA002E4693 /* LaunchScreen.storyboard in Resources */ = {isa = PBXBuildFile; fileRef = 1ED9EFB01E69ABCA002E4693 /* LaunchScreen.storyboard */; };
		1ED9EFBB1E69ABE6002E4693 /* UIControl+CS_FixMultiClick.m in Sources */ = {isa = PBXBuildFile; fileRef = 1ED9EFBA1E69ABE6002E4693 /* UIControl+CS_FixMultiClick.m */; };
		1ED9EFBE1E6BE52B002E4693 /* NSDictionary+DeleteNull.m in Sources */ = {isa = PBXBuildFile; fileRef = 1ED9EFBD1E6BE52B002E4693 /* NSDictionary+DeleteNull.m */; };
		1ED9EFC11E6BE703002E4693 /* PersonModel.m in Sources */ = {isa = PBXBuildFile; fileRef = 1ED9EFC01E6BE703002E4693 /* PersonModel.m */; };
		1ED9EFCB1E6D1ADA002E4693 /* CoreAnimationViewController.m in Sources */ = {isa = PBXBuildFile; fileRef = 1ED9EFCA1E6D1ADA002E4693 /* CoreAnimationViewController.m */; };
		1EE9DFA11E82645C004A615A /* Interface.storyboard in Resources */ = {isa = PBXBuildFile; fileRef = 1EE9DF9F1E82645C004A615A /* Interface.storyboard */; };
		1EE9DFA31E82645C004A615A /* Assets.xcassets in Resources */ = {isa = PBXBuildFile; fileRef = 1EE9DFA21E82645C004A615A /* Assets.xcassets */; };
		1EE9DFAA1E82645C004A615A /* Watch App Extension.appex in Embed App Extensions */ = {isa = PBXBuildFile; fileRef = 1EE9DFA91E82645C004A615A /* Watch App Extension.appex */; settings = {ATTRIBUTES = (RemoveHeadersOnCopy, ); }; };
		1EE9DFB21E82645C004A615A /* InterfaceController.m in Sources */ = {isa = PBXBuildFile; fileRef = 1EE9DFB11E82645C004A615A /* InterfaceController.m */; };
		1EE9DFB51E82645C004A615A /* ExtensionDelegate.m in Sources */ = {isa = PBXBuildFile; fileRef = 1EE9DFB41E82645C004A615A /* ExtensionDelegate.m */; };
		1EE9DFB81E82645C004A615A /* NotificationController.m in Sources */ = {isa = PBXBuildFile; fileRef = 1EE9DFB71E82645C004A615A /* NotificationController.m */; };
		1EE9DFBA1E82645C004A615A /* Assets.xcassets in Resources */ = {isa = PBXBuildFile; fileRef = 1EE9DFB91E82645C004A615A /* Assets.xcassets */; };
		1EE9DFBE1E82645C004A615A /* Watch App.app in Embed Watch Content */ = {isa = PBXBuildFile; fileRef = 1EE9DF9D1E82645C004A615A /* Watch App.app */; };
/* End PBXBuildFile section */

/* Begin PBXContainerItemProxy section */
		1EE9DFAB1E82645C004A615A /* PBXContainerItemProxy */ = {
			isa = PBXContainerItemProxy;
			containerPortal = 1ED9EF941E69ABCA002E4693 /* Project object */;
			proxyType = 1;
			remoteGlobalIDString = 1EE9DFA81E82645C004A615A;
			remoteInfo = "Watch App Extension";
		};
		1EE9DFBC1E82645C004A615A /* PBXContainerItemProxy */ = {
			isa = PBXContainerItemProxy;
			containerPortal = 1ED9EF941E69ABCA002E4693 /* Project object */;
			proxyType = 1;
			remoteGlobalIDString = 1EE9DF9C1E82645C004A615A;
			remoteInfo = "Watch App";
		};
/* End PBXContainerItemProxy section */

/* Begin PBXCopyFilesBuildPhase section */
		1EE9DFC41E82645C004A615A /* Embed App Extensions */ = {
			isa = PBXCopyFilesBuildPhase;
			buildActionMask = 2147483647;
			dstPath = "";
			dstSubfolderSpec = 13;
			files = (
				1EE9DFAA1E82645C004A615A /* Watch App Extension.appex in Embed App Extensions */,
			);
			name = "Embed App Extensions";
			runOnlyForDeploymentPostprocessing = 0;
		};
		1EE9DFC61E82645C004A615A /* Embed Watch Content */ = {
			isa = PBXCopyFilesBuildPhase;
			buildActionMask = 2147483647;
			dstPath = "$(CONTENTS_FOLDER_PATH)/Watch";
			dstSubfolderSpec = 16;
			files = (
				1EE9DFBE1E82645C004A615A /* Watch App.app in Embed Watch Content */,
			);
			name = "Embed Watch Content";
			runOnlyForDeploymentPostprocessing = 0;
		};
/* End PBXCopyFilesBuildPhase section */

/* Begin PBXFileReference section */
		1EA5A0571E8BA31000923935 /* bg.jpg */ = {isa = PBXFileReference; lastKnownFileType = image.jpeg; path = bg.jpg; sourceTree = "<group>"; };
		1EA5A0591E8BA36600923935 /* UINavigationBar+Awesome.h */ = {isa = PBXFileReference; fileEncoding = 4; lastKnownFileType = sourcecode.c.h; path = "UINavigationBar+Awesome.h"; sourceTree = "<group>"; };
		1EA5A05A1E8BA36600923935 /* UINavigationBar+Awesome.m */ = {isa = PBXFileReference; fileEncoding = 4; lastKnownFileType = sourcecode.c.objc; path = "UINavigationBar+Awesome.m"; sourceTree = "<group>"; };
		1EA5A05C1E8CD32F00923935 /* NSMutableArray+Extension.h */ = {isa = PBXFileReference; fileEncoding = 4; lastKnownFileType = sourcecode.c.h; path = "NSMutableArray+Extension.h"; sourceTree = "<group>"; };
		1EA5A05D1E8CD32F00923935 /* NSMutableArray+Extension.m */ = {isa = PBXFileReference; fileEncoding = 4; lastKnownFileType = sourcecode.c.objc; path = "NSMutableArray+Extension.m"; sourceTree = "<group>"; };
		1ECE52181E744B0800F9E17C /* hm_refresh1@2x.png */ = {isa = PBXFileReference; lastKnownFileType = image.png; path = "hm_refresh1@2x.png"; sourceTree = "<group>"; };
		1ECE521A1E744F1400F9E17C /* Address.h */ = {isa = PBXFileReference; fileEncoding = 4; lastKnownFileType = sourcecode.c.h; path = Address.h; sourceTree = "<group>"; };
		1ECE521B1E744F1400F9E17C /* Address.m */ = {isa = PBXFileReference; fileEncoding = 4; lastKnownFileType = sourcecode.c.objc; path = Address.m; sourceTree = "<group>"; };
		1ED9EF9C1E69ABCA002E4693 /* TestButtonClicked.app */ = {isa = PBXFileReference; explicitFileType = wrapper.application; includeInIndex = 0; path = TestButtonClicked.app; sourceTree = BUILT_PRODUCTS_DIR; };
		1ED9EFA01E69ABCA002E4693 /* main.m */ = {isa = PBXFileReference; lastKnownFileType = sourcecode.c.objc; path = main.m; sourceTree = "<group>"; };
		1ED9EFA21E69ABCA002E4693 /* AppDelegate.h */ = {isa = PBXFileReference; lastKnownFileType = sourcecode.c.h; path = AppDelegate.h; sourceTree = "<group>"; };
		1ED9EFA31E69ABCA002E4693 /* AppDelegate.m */ = {isa = PBXFileReference; lastKnownFileType = sourcecode.c.objc; path = AppDelegate.m; sourceTree = "<group>"; };
		1ED9EFA51E69ABCA002E4693 /* ViewController.h */ = {isa = PBXFileReference; lastKnownFileType = sourcecode.c.h; path = ViewController.h; sourceTree = "<group>"; };
		1ED9EFA61E69ABCA002E4693 /* ViewController.m */ = {isa = PBXFileReference; lastKnownFileType = sourcecode.c.objc; path = ViewController.m; sourceTree = "<group>"; };
		1ED9EFA91E69ABCA002E4693 /* Base */ = {isa = PBXFileReference; lastKnownFileType = file.storyboard; name = Base; path = Base.lproj/Main.storyboard; sourceTree = "<group>"; };
		1ED9EFAC1E69ABCA002E4693 /* TestButtonClicked.xcdatamodel */ = {isa = PBXFileReference; lastKnownFileType = wrapper.xcdatamodel; path = TestButtonClicked.xcdatamodel; sourceTree = "<group>"; };
		1ED9EFAE1E69ABCA002E4693 /* Assets.xcassets */ = {isa = PBXFileReference; lastKnownFileType = folder.assetcatalog; path = Assets.xcassets; sourceTree = "<group>"; };
		1ED9EFB11E69ABCA002E4693 /* Base */ = {isa = PBXFileReference; lastKnownFileType = file.storyboard; name = Base; path = Base.lproj/LaunchScreen.storyboard; sourceTree = "<group>"; };
		1ED9EFB31E69ABCA002E4693 /* Info.plist */ = {isa = PBXFileReference; lastKnownFileType = text.plist.xml; path = Info.plist; sourceTree = "<group>"; };
		1ED9EFB91E69ABE6002E4693 /* UIControl+CS_FixMultiClick.h */ = {isa = PBXFileReference; fileEncoding = 4; lastKnownFileType = sourcecode.c.h; path = "UIControl+CS_FixMultiClick.h"; sourceTree = "<group>"; };
		1ED9EFBA1E69ABE6002E4693 /* UIControl+CS_FixMultiClick.m */ = {isa = PBXFileReference; fileEncoding = 4; lastKnownFileType = sourcecode.c.objc; path = "UIControl+CS_FixMultiClick.m"; sourceTree = "<group>"; };
		1ED9EFBC1E6BE52B002E4693 /* NSDictionary+DeleteNull.h */ = {isa = PBXFileReference; fileEncoding = 4; lastKnownFileType = sourcecode.c.h; path = "NSDictionary+DeleteNull.h"; sourceTree = "<group>"; };
		1ED9EFBD1E6BE52B002E4693 /* NSDictionary+DeleteNull.m */ = {isa = PBXFileReference; fileEncoding = 4; lastKnownFileType = sourcecode.c.objc; path = "NSDictionary+DeleteNull.m"; sourceTree = "<group>"; };
		1ED9EFBF1E6BE703002E4693 /* PersonModel.h */ = {isa = PBXFileReference; fileEncoding = 4; lastKnownFileType = sourcecode.c.h; path = PersonModel.h; sourceTree = "<group>"; };
		1ED9EFC01E6BE703002E4693 /* PersonModel.m */ = {isa = PBXFileReference; fileEncoding = 4; lastKnownFileType = sourcecode.c.objc; path = PersonModel.m; sourceTree = "<group>"; };
		1ED9EFC91E6D1ADA002E4693 /* CoreAnimationViewController.h */ = {isa = PBXFileReference; fileEncoding = 4; lastKnownFileType = sourcecode.c.h; path = CoreAnimationViewController.h; sourceTree = "<group>"; };
		1ED9EFCA1E6D1ADA002E4693 /* CoreAnimationViewController.m */ = {isa = PBXFileReference; fileEncoding = 4; lastKnownFileType = sourcecode.c.objc; path = CoreAnimationViewController.m; sourceTree = "<group>"; };
		1EE9DF9D1E82645C004A615A /* Watch App.app */ = {isa = PBXFileReference; explicitFileType = wrapper.application; includeInIndex = 0; path = "Watch App.app"; sourceTree = BUILT_PRODUCTS_DIR; };
		1EE9DFA01E82645C004A615A /* Base */ = {isa = PBXFileReference; lastKnownFileType = file.storyboard; name = Base; path = Base.lproj/Interface.storyboard; sourceTree = "<group>"; };
		1EE9DFA21E82645C004A615A /* Assets.xcassets */ = {isa = PBXFileReference; lastKnownFileType = folder.assetcatalog; path = Assets.xcassets; sourceTree = "<group>"; };
		1EE9DFA41E82645C004A615A /* Info.plist */ = {isa = PBXFileReference; lastKnownFileType = text.plist.xml; path = Info.plist; sourceTree = "<group>"; };
		1EE9DFA91E82645C004A615A /* Watch App Extension.appex */ = {isa = PBXFileReference; explicitFileType = "wrapper.app-extension"; includeInIndex = 0; path = "Watch App Extension.appex"; sourceTree = BUILT_PRODUCTS_DIR; };
		1EE9DFAF1E82645C004A615A /* PushNotificationPayload.apns */ = {isa = PBXFileReference; lastKnownFileType = text; path = PushNotificationPayload.apns; sourceTree = "<group>"; };
		1EE9DFB01E82645C004A615A /* InterfaceController.h */ = {isa = PBXFileReference; lastKnownFileType = sourcecode.c.h; path = InterfaceController.h; sourceTree = "<group>"; };
		1EE9DFB11E82645C004A615A /* InterfaceController.m */ = {isa = PBXFileReference; lastKnownFileType = sourcecode.c.objc; path = InterfaceController.m; sourceTree = "<group>"; };
		1EE9DFB31E82645C004A615A /* ExtensionDelegate.h */ = {isa = PBXFileReference; lastKnownFileType = sourcecode.c.h; path = ExtensionDelegate.h; sourceTree = "<group>"; };
		1EE9DFB41E82645C004A615A /* ExtensionDelegate.m */ = {isa = PBXFileReference; lastKnownFileType = sourcecode.c.objc; path = ExtensionDelegate.m; sourceTree = "<group>"; };
		1EE9DFB61E82645C004A615A /* NotificationController.h */ = {isa = PBXFileReference; lastKnownFileType = sourcecode.c.h; path = NotificationController.h; sourceTree = "<group>"; };
		1EE9DFB71E82645C004A615A /* NotificationController.m */ = {isa = PBXFileReference; lastKnownFileType = sourcecode.c.objc; path = NotificationController.m; sourceTree = "<group>"; };
		1EE9DFB91E82645C004A615A /* Assets.xcassets */ = {isa = PBXFileReference; lastKnownFileType = folder.assetcatalog; path = Assets.xcassets; sourceTree = "<group>"; };
		1EE9DFBB1E82645C004A615A /* Info.plist */ = {isa = PBXFileReference; lastKnownFileType = text.plist.xml; path = Info.plist; sourceTree = "<group>"; };
/* End PBXFileReference section */

/* Begin PBXFrameworksBuildPhase section */
		1ED9EF991E69ABCA002E4693 /* Frameworks */ = {
			isa = PBXFrameworksBuildPhase;
			buildActionMask = 2147483647;
			files = (
			);
			runOnlyForDeploymentPostprocessing = 0;
		};
		1EE9DFA61E82645C004A615A /* Frameworks */ = {
			isa = PBXFrameworksBuildPhase;
			buildActionMask = 2147483647;
			files = (
			);
			runOnlyForDeploymentPostprocessing = 0;
		};
/* End PBXFrameworksBuildPhase section */

/* Begin PBXGroup section */
		1ED9EF931E69ABCA002E4693 = {
			isa = PBXGroup;
			children = (
				1ED9EF9E1E69ABCA002E4693 /* TestButtonClicked */,
				1EE9DF9E1E82645C004A615A /* Watch App */,
				1EE9DFAD1E82645C004A615A /* Watch App Extension */,
				1ED9EF9D1E69ABCA002E4693 /* Products */,
			);
			sourceTree = "<group>";
		};
		1ED9EF9D1E69ABCA002E4693 /* Products */ = {
			isa = PBXGroup;
			children = (
				1ED9EF9C1E69ABCA002E4693 /* TestButtonClicked.app */,
				1EE9DF9D1E82645C004A615A /* Watch App.app */,
				1EE9DFA91E82645C004A615A /* Watch App Extension.appex */,
			);
			name = Products;
			sourceTree = "<group>";
		};
		1ED9EF9E1E69ABCA002E4693 /* TestButtonClicked */ = {
			isa = PBXGroup;
			children = (
				1EA5A0571E8BA31000923935 /* bg.jpg */,
				1ED9EFA21E69ABCA002E4693 /* AppDelegate.h */,
				1ED9EFA31E69ABCA002E4693 /* AppDelegate.m */,
				1ED9EFA51E69ABCA002E4693 /* ViewController.h */,
				1ED9EFA61E69ABCA002E4693 /* ViewController.m */,
				1ECE521A1E744F1400F9E17C /* Address.h */,
				1ECE521B1E744F1400F9E17C /* Address.m */,
				1EA5A0591E8BA36600923935 /* UINavigationBar+Awesome.h */,
				1EA5A05A1E8BA36600923935 /* UINavigationBar+Awesome.m */,
				1ED9EFC91E6D1ADA002E4693 /* CoreAnimationViewController.h */,
				1ED9EFCA1E6D1ADA002E4693 /* CoreAnimationViewController.m */,
				1ED9EFBF1E6BE703002E4693 /* PersonModel.h */,
				1ED9EFC01E6BE703002E4693 /* PersonModel.m */,
				1ECE52181E744B0800F9E17C /* hm_refresh1@2x.png */,
				1ED9EFBC1E6BE52B002E4693 /* NSDictionary+DeleteNull.h */,
				1ED9EFBD1E6BE52B002E4693 /* NSDictionary+DeleteNull.m */,
				1ED9EFB91E69ABE6002E4693 /* UIControl+CS_FixMultiClick.h */,
				1ED9EFBA1E69ABE6002E4693 /* UIControl+CS_FixMultiClick.m */,
				1EA5A05C1E8CD32F00923935 /* NSMutableArray+Extension.h */,
				1EA5A05D1E8CD32F00923935 /* NSMutableArray+Extension.m */,
				1ED9EFA81E69ABCA002E4693 /* Main.storyboard */,
				1ED9EFAE1E69ABCA002E4693 /* Assets.xcassets */,
				1ED9EFB01E69ABCA002E4693 /* LaunchScreen.storyboard */,
				1ED9EFB31E69ABCA002E4693 /* Info.plist */,
				1ED9EFAB1E69ABCA002E4693 /* TestButtonClicked.xcdatamodeld */,
				1ED9EF9F1E69ABCA002E4693 /* Supporting Files */,
			);
			path = TestButtonClicked;
			sourceTree = "<group>";
		};
		1ED9EF9F1E69ABCA002E4693 /* Supporting Files */ = {
			isa = PBXGroup;
			children = (
				1ED9EFA01E69ABCA002E4693 /* main.m */,
			);
			name = "Supporting Files";
			sourceTree = "<group>";
		};
		1EE9DF9E1E82645C004A615A /* Watch App */ = {
			isa = PBXGroup;
			children = (
				1EE9DF9F1E82645C004A615A /* Interface.storyboard */,
				1EE9DFA21E82645C004A615A /* Assets.xcassets */,
				1EE9DFA41E82645C004A615A /* Info.plist */,
			);
			path = "Watch App";
			sourceTree = "<group>";
		};
		1EE9DFAD1E82645C004A615A /* Watch App Extension */ = {
			isa = PBXGroup;
			children = (
				1EE9DFB01E82645C004A615A /* InterfaceController.h */,
				1EE9DFB11E82645C004A615A /* InterfaceController.m */,
				1EE9DFB31E82645C004A615A /* ExtensionDelegate.h */,
				1EE9DFB41E82645C004A615A /* ExtensionDelegate.m */,
				1EE9DFB61E82645C004A615A /* NotificationController.h */,
				1EE9DFB71E82645C004A615A /* NotificationController.m */,
				1EE9DFB91E82645C004A615A /* Assets.xcassets */,
				1EE9DFBB1E82645C004A615A /* Info.plist */,
				1EE9DFAE1E82645C004A615A /* Supporting Files */,
			);
			path = "Watch App Extension";
			sourceTree = "<group>";
		};
		1EE9DFAE1E82645C004A615A /* Supporting Files */ = {
			isa = PBXGroup;
			children = (
				1EE9DFAF1E82645C004A615A /* PushNotificationPayload.apns */,
			);
			name = "Supporting Files";
			sourceTree = "<group>";
		};
/* End PBXGroup section */

/* Begin PBXNativeTarget section */
		1ED9EF9B1E69ABCA002E4693 /* TestButtonClicked */ = {
			isa = PBXNativeTarget;
			buildConfigurationList = 1ED9EFB61E69ABCA002E4693 /* Build configuration list for PBXNativeTarget "TestButtonClicked" */;
			buildPhases = (
				1ED9EF981E69ABCA002E4693 /* Sources */,
				1ED9EF991E69ABCA002E4693 /* Frameworks */,
				1ED9EF9A1E69ABCA002E4693 /* Resources */,
				1EE9DFC61E82645C004A615A /* Embed Watch Content */,
			);
			buildRules = (
			);
			dependencies = (
				1EE9DFBD1E82645C004A615A /* PBXTargetDependency */,
			);
			name = TestButtonClicked;
			productName = TestButtonClicked;
			productReference = 1ED9EF9C1E69ABCA002E4693 /* TestButtonClicked.app */;
			productType = "com.apple.product-type.application";
		};
		1EE9DF9C1E82645C004A615A /* Watch App */ = {
			isa = PBXNativeTarget;
			buildConfigurationList = 1EE9DFC51E82645C004A615A /* Build configuration list for PBXNativeTarget "Watch App" */;
			buildPhases = (
				1EE9DF9B1E82645C004A615A /* Resources */,
				1EE9DFC41E82645C004A615A /* Embed App Extensions */,
			);
			buildRules = (
			);
			dependencies = (
				1EE9DFAC1E82645C004A615A /* PBXTargetDependency */,
			);
			name = "Watch App";
			productName = "Watch App";
			productReference = 1EE9DF9D1E82645C004A615A /* Watch App.app */;
			productType = "com.apple.product-type.application.watchapp2";
		};
		1EE9DFA81E82645C004A615A /* Watch App Extension */ = {
			isa = PBXNativeTarget;
			buildConfigurationList = 1EE9DFC31E82645C004A615A /* Build configuration list for PBXNativeTarget "Watch App Extension" */;
			buildPhases = (
				1EE9DFA51E82645C004A615A /* Sources */,
				1EE9DFA61E82645C004A615A /* Frameworks */,
				1EE9DFA71E82645C004A615A /* Resources */,
			);
			buildRules = (
			);
			dependencies = (
			);
			name = "Watch App Extension";
			productName = "Watch App Extension";
			productReference = 1EE9DFA91E82645C004A615A /* Watch App Extension.appex */;
			productType = "com.apple.product-type.watchkit2-extension";
		};
/* End PBXNativeTarget section */

/* Begin PBXProject section */
		1ED9EF941E69ABCA002E4693 /* Project object */ = {
			isa = PBXProject;
			attributes = {
				LastUpgradeCheck = 0820;
				ORGANIZATIONNAME = Xuedan;
				TargetAttributes = {
					1ED9EF9B1E69ABCA002E4693 = {
						CreatedOnToolsVersion = 8.2.1;
						ProvisioningStyle = Automatic;
					};
					1EE9DF9C1E82645C004A615A = {
						CreatedOnToolsVersion = 8.2.1;
						ProvisioningStyle = Automatic;
					};
					1EE9DFA81E82645C004A615A = {
						CreatedOnToolsVersion = 8.2.1;
						ProvisioningStyle = Automatic;
					};
				};
			};
			buildConfigurationList = 1ED9EF971E69ABCA002E4693 /* Build configuration list for PBXProject "TestButtonClicked" */;
			compatibilityVersion = "Xcode 3.2";
			developmentRegion = English;
			hasScannedForEncodings = 0;
			knownRegions = (
				en,
				Base,
			);
			mainGroup = 1ED9EF931E69ABCA002E4693;
			productRefGroup = 1ED9EF9D1E69ABCA002E4693 /* Products */;
			projectDirPath = "";
			projectRoot = "";
			targets = (
				1ED9EF9B1E69ABCA002E4693 /* TestButtonClicked */,
				1EE9DF9C1E82645C004A615A /* Watch App */,
				1EE9DFA81E82645C004A615A /* Watch App Extension */,
			);
		};
/* End PBXProject section */

/* Begin PBXResourcesBuildPhase section */
		1ED9EF9A1E69ABCA002E4693 /* Resources */ = {
			isa = PBXResourcesBuildPhase;
			buildActionMask = 2147483647;
			files = (
				1EA5A0581E8BA31000923935 /* bg.jpg in Resources */,
				1ED9EFB21E69ABCA002E4693 /* LaunchScreen.storyboard in Resources */,
				1ED9EFAF1E69ABCA002E4693 /* Assets.xcassets in Resources */,
				1ED9EFAA1E69ABCA002E4693 /* Main.storyboard in Resources */,
				1ECE52191E744B0800F9E17C /* hm_refresh1@2x.png in Resources */,
			);
			runOnlyForDeploymentPostprocessing = 0;
		};
		1EE9DF9B1E82645C004A615A /* Resources */ = {
			isa = PBXResourcesBuildPhase;
			buildActionMask = 2147483647;
			files = (
				1EE9DFA31E82645C004A615A /* Assets.xcassets in Resources */,
				1EE9DFA11E82645C004A615A /* Interface.storyboard in Resources */,
			);
			runOnlyForDeploymentPostprocessing = 0;
		};
		1EE9DFA71E82645C004A615A /* Resources */ = {
			isa = PBXResourcesBuildPhase;
			buildActionMask = 2147483647;
			files = (
				1EE9DFBA1E82645C004A615A /* Assets.xcassets in Resources */,
			);
			runOnlyForDeploymentPostprocessing = 0;
		};
/* End PBXResourcesBuildPhase section */

/* Begin PBXSourcesBuildPhase section */
		1ED9EF981E69ABCA002E4693 /* Sources */ = {
			isa = PBXSourcesBuildPhase;
			buildActionMask = 2147483647;
			files = (
				1ECE521C1E744F1400F9E17C /* Address.m in Sources */,
				1ED9EFCB1E6D1ADA002E4693 /* CoreAnimationViewController.m in Sources */,
				1ED9EFBB1E69ABE6002E4693 /* UIControl+CS_FixMultiClick.m in Sources */,
				1ED9EFA71E69ABCA002E4693 /* ViewController.m in Sources */,
				1EA5A05E1E8CD32F00923935 /* NSMutableArray+Extension.m in Sources */,
				1ED9EFAD1E69ABCA002E4693 /* TestButtonClicked.xcdatamodeld in Sources */,
				1ED9EFA41E69ABCA002E4693 /* AppDelegate.m in Sources */,
				1ED9EFBE1E6BE52B002E4693 /* NSDictionary+DeleteNull.m in Sources */,
				1ED9EFA11E69ABCA002E4693 /* main.m in Sources */,
				1ED9EFC11E6BE703002E4693 /* PersonModel.m in Sources */,
				1EA5A05B1E8BA36600923935 /* UINavigationBar+Awesome.m in Sources */,
			);
			runOnlyForDeploymentPostprocessing = 0;
		};
		1EE9DFA51E82645C004A615A /* Sources */ = {
			isa = PBXSourcesBuildPhase;
			buildActionMask = 2147483647;
			files = (
				1EE9DFB51E82645C004A615A /* ExtensionDelegate.m in Sources */,
				1EE9DFB21E82645C004A615A /* InterfaceController.m in Sources */,
				1EE9DFB81E82645C004A615A /* NotificationController.m in Sources */,
			);
			runOnlyForDeploymentPostprocessing = 0;
		};
/* End PBXSourcesBuildPhase section */

/* Begin PBXTargetDependency section */
		1EE9DFAC1E82645C004A615A /* PBXTargetDependency */ = {
			isa = PBXTargetDependency;
			target = 1EE9DFA81E82645C004A615A /* Watch App Extension */;
			targetProxy = 1EE9DFAB1E82645C004A615A /* PBXContainerItemProxy */;
		};
		1EE9DFBD1E82645C004A615A /* PBXTargetDependency */ = {
			isa = PBXTargetDependency;
			target = 1EE9DF9C1E82645C004A615A /* Watch App */;
			targetProxy = 1EE9DFBC1E82645C004A615A /* PBXContainerItemProxy */;
		};
/* End PBXTargetDependency section */

/* Begin PBXVariantGroup section */
		1ED9EFA81E69ABCA002E4693 /* Main.storyboard */ = {
			isa = PBXVariantGroup;
			children = (
				1ED9EFA91E69ABCA002E4693 /* Base */,
			);
			name = Main.storyboard;
			sourceTree = "<group>";
		};
		1ED9EFB01E69ABCA002E4693 /* LaunchScreen.storyboard */ = {
			isa = PBXVariantGroup;
			children = (
				1ED9EFB11E69ABCA002E4693 /* Base */,
			);
			name = LaunchScreen.storyboard;
			sourceTree = "<group>";
		};
		1EE9DF9F1E82645C004A615A /* Interface.storyboard */ = {
			isa = PBXVariantGroup;
			children = (
				1EE9DFA01E82645C004A615A /* Base */,
			);
			name = Interface.storyboard;
			sourceTree = "<group>";
		};
/* End PBXVariantGroup section */

/* Begin XCBuildConfiguration section */
		1ED9EFB41E69ABCA002E4693 /* Debug */ = {
			isa = XCBuildConfiguration;
			buildSettings = {
				ALWAYS_SEARCH_USER_PATHS = NO;
				CLANG_ANALYZER_NONNULL = YES;
				CLANG_CXX_LANGUAGE_STANDARD = "gnu++0x";
				CLANG_CXX_LIBRARY = "libc++";
				CLANG_ENABLE_MODULES = YES;
				CLANG_ENABLE_OBJC_ARC = YES;
				CLANG_WARN_BOOL_CONVERSION = YES;
				CLANG_WARN_CONSTANT_CONVERSION = YES;
				CLANG_WARN_DIRECT_OBJC_ISA_USAGE = YES_ERROR;
				CLANG_WARN_DOCUMENTATION_COMMENTS = YES;
				CLANG_WARN_EMPTY_BODY = YES;
				CLANG_WARN_ENUM_CONVERSION = YES;
				CLANG_WARN_INFINITE_RECURSION = YES;
				CLANG_WARN_INT_CONVERSION = YES;
				CLANG_WARN_OBJC_ROOT_CLASS = YES_ERROR;
				CLANG_WARN_SUSPICIOUS_MOVE = YES;
				CLANG_WARN_UNREACHABLE_CODE = YES;
				CLANG_WARN__DUPLICATE_METHOD_MATCH = YES;
				"CODE_SIGN_IDENTITY[sdk=iphoneos*]" = "iPhone Developer";
				COPY_PHASE_STRIP = NO;
				DEBUG_INFORMATION_FORMAT = dwarf;
				ENABLE_STRICT_OBJC_MSGSEND = YES;
				ENABLE_TESTABILITY = YES;
				GCC_C_LANGUAGE_STANDARD = gnu99;
				GCC_DYNAMIC_NO_PIC = NO;
				GCC_NO_COMMON_BLOCKS = YES;
				GCC_OPTIMIZATION_LEVEL = 0;
				GCC_PREPROCESSOR_DEFINITIONS = (
					"DEBUG=1",
					"$(inherited)",
				);
				GCC_WARN_64_TO_32_BIT_CONVERSION = YES;
				GCC_WARN_ABOUT_RETURN_TYPE = YES_ERROR;
				GCC_WARN_UNDECLARED_SELECTOR = YES;
				GCC_WARN_UNINITIALIZED_AUTOS = YES_AGGRESSIVE;
				GCC_WARN_UNUSED_FUNCTION = YES;
				GCC_WARN_UNUSED_VARIABLE = YES;
				IPHONEOS_DEPLOYMENT_TARGET = 10.2;
				MTL_ENABLE_DEBUG_INFO = YES;
				ONLY_ACTIVE_ARCH = YES;
				SDKROOT = iphoneos;
				TARGETED_DEVICE_FAMILY = "1,2";
			};
			name = Debug;
		};
		1ED9EFB51E69ABCA002E4693 /* Release */ = {
			isa = XCBuildConfiguration;
			buildSettings = {
				ALWAYS_SEARCH_USER_PATHS = NO;
				CLANG_ANALYZER_NONNULL = YES;
				CLANG_CXX_LANGUAGE_STANDARD = "gnu++0x";
				CLANG_CXX_LIBRARY = "libc++";
				CLANG_ENABLE_MODULES = YES;
				CLANG_ENABLE_OBJC_ARC = YES;
				CLANG_WARN_BOOL_CONVERSION = YES;
				CLANG_WARN_CONSTANT_CONVERSION = YES;
				CLANG_WARN_DIRECT_OBJC_ISA_USAGE = YES_ERROR;
				CLANG_WARN_DOCUMENTATION_COMMENTS = YES;
				CLANG_WARN_EMPTY_BODY = YES;
				CLANG_WARN_ENUM_CONVERSION = YES;
				CLANG_WARN_INFINITE_RECURSION = YES;
				CLANG_WARN_INT_CONVERSION = YES;
				CLANG_WARN_OBJC_ROOT_CLASS = YES_ERROR;
				CLANG_WARN_SUSPICIOUS_MOVE = YES;
				CLANG_WARN_UNREACHABLE_CODE = YES;
				CLANG_WARN__DUPLICATE_METHOD_MATCH = YES;
				"CODE_SIGN_IDENTITY[sdk=iphoneos*]" = "iPhone Developer";
				COPY_PHASE_STRIP = NO;
				DEBUG_INFORMATION_FORMAT = "dwarf-with-dsym";
				ENABLE_NS_ASSERTIONS = NO;
				ENABLE_STRICT_OBJC_MSGSEND = YES;
				GCC_C_LANGUAGE_STANDARD = gnu99;
				GCC_NO_COMMON_BLOCKS = YES;
				GCC_WARN_64_TO_32_BIT_CONVERSION = YES;
				GCC_WARN_ABOUT_RETURN_TYPE = YES_ERROR;
				GCC_WARN_UNDECLARED_SELECTOR = YES;
				GCC_WARN_UNINITIALIZED_AUTOS = YES_AGGRESSIVE;
				GCC_WARN_UNUSED_FUNCTION = YES;
				GCC_WARN_UNUSED_VARIABLE = YES;
				IPHONEOS_DEPLOYMENT_TARGET = 10.2;
				MTL_ENABLE_DEBUG_INFO = NO;
				SDKROOT = iphoneos;
				TARGETED_DEVICE_FAMILY = "1,2";
				VALIDATE_PRODUCT = YES;
			};
			name = Release;
		};
		1ED9EFB71E69ABCA002E4693 /* Debug */ = {
			isa = XCBuildConfiguration;
			buildSettings = {
				ASSETCATALOG_COMPILER_APPICON_NAME = AppIcon;
				INFOPLIST_FILE = TestButtonClicked/Info.plist;
				LD_RUNPATH_SEARCH_PATHS = "$(inherited) @executable_path/Frameworks";
				PRODUCT_BUNDLE_IDENTIFIER = test.button.com.TestButtonClicked;
				PRODUCT_NAME = "$(TARGET_NAME)";
			};
			name = Debug;
		};
		1ED9EFB81E69ABCA002E4693 /* Release */ = {
			isa = XCBuildConfiguration;
			buildSettings = {
				ASSETCATALOG_COMPILER_APPICON_NAME = AppIcon;
				INFOPLIST_FILE = TestButtonClicked/Info.plist;
				LD_RUNPATH_SEARCH_PATHS = "$(inherited) @executable_path/Frameworks";
				PRODUCT_BUNDLE_IDENTIFIER = test.button.com.TestButtonClicked;
				PRODUCT_NAME = "$(TARGET_NAME)";
			};
			name = Release;
		};
		1EE9DFBF1E82645C004A615A /* Debug */ = {
			isa = XCBuildConfiguration;
			buildSettings = {
				ASSETCATALOG_COMPILER_APPICON_NAME = AppIcon;
				IBSC_MODULE = Watch_App_Extension;
				INFOPLIST_FILE = "Watch App/Info.plist";
				PRODUCT_BUNDLE_IDENTIFIER = test.button.com.TestButtonClicked.watchkitapp;
				PRODUCT_NAME = "$(TARGET_NAME)";
				SDKROOT = watchos;
				SKIP_INSTALL = YES;
				TARGETED_DEVICE_FAMILY = 4;
				WATCHOS_DEPLOYMENT_TARGET = 3.1;
			};
			name = Debug;
		};
		1EE9DFC01E82645C004A615A /* Release */ = {
			isa = XCBuildConfiguration;
			buildSettings = {
				ASSETCATALOG_COMPILER_APPICON_NAME = AppIcon;
				IBSC_MODULE = Watch_App_Extension;
				INFOPLIST_FILE = "Watch App/Info.plist";
				PRODUCT_BUNDLE_IDENTIFIER = test.button.com.TestButtonClicked.watchkitapp;
				PRODUCT_NAME = "$(TARGET_NAME)";
				SDKROOT = watchos;
				SKIP_INSTALL = YES;
				TARGETED_DEVICE_FAMILY = 4;
				WATCHOS_DEPLOYMENT_TARGET = 3.1;
			};
			name = Release;
		};
		1EE9DFC11E82645C004A615A /* Debug */ = {
			isa = XCBuildConfiguration;
			buildSettings = {
				ASSETCATALOG_COMPILER_COMPLICATION_NAME = Complication;
				INFOPLIST_FILE = "Watch App Extension/Info.plist";
				LD_RUNPATH_SEARCH_PATHS = "$(inherited) @executable_path/Frameworks @executable_path/../../Frameworks";
				PRODUCT_BUNDLE_IDENTIFIER = test.button.com.TestButtonClicked.watchkitapp.watchkitextension;
				PRODUCT_NAME = "${TARGET_NAME}";
				SDKROOT = watchos;
				SKIP_INSTALL = YES;
				TARGETED_DEVICE_FAMILY = 4;
				WATCHOS_DEPLOYMENT_TARGET = 3.1;
			};
			name = Debug;
		};
		1EE9DFC21E82645C004A615A /* Release */ = {
			isa = XCBuildConfiguration;
			buildSettings = {
				ASSETCATALOG_COMPILER_COMPLICATION_NAME = Complication;
				INFOPLIST_FILE = "Watch App Extension/Info.plist";
				LD_RUNPATH_SEARCH_PATHS = "$(inherited) @executable_path/Frameworks @executable_path/../../Frameworks";
				PRODUCT_BUNDLE_IDENTIFIER = test.button.com.TestButtonClicked.watchkitapp.watchkitextension;
				PRODUCT_NAME = "${TARGET_NAME}";
				SDKROOT = watchos;
				SKIP_INSTALL = YES;
				TARGETED_DEVICE_FAMILY = 4;
				WATCHOS_DEPLOYMENT_TARGET = 3.1;
			};
			name = Release;
		};
/* End XCBuildConfiguration section */

/* Begin XCConfigurationList section */
		1ED9EF971E69ABCA002E4693 /* Build configuration list for PBXProject "TestButtonClicked" */ = {
			isa = XCConfigurationList;
			buildConfigurations = (
				1ED9EFB41E69ABCA002E4693 /* Debug */,
				1ED9EFB51E69ABCA002E4693 /* Release */,
			);
			defaultConfigurationIsVisible = 0;
			defaultConfigurationName = Release;
		};
		1ED9EFB61E69ABCA002E4693 /* Build configuration list for PBXNativeTarget "TestButtonClicked" */ = {
			isa = XCConfigurationList;
			buildConfigurations = (
				1ED9EFB71E69ABCA002E4693 /* Debug */,
				1ED9EFB81E69ABCA002E4693 /* Release */,
			);
			defaultConfigurationIsVisible = 0;
			defaultConfigurationName = Release;
		};
		1EE9DFC31E82645C004A615A /* Build configuration list for PBXNativeTarget "Watch App Extension" */ = {
			isa = XCConfigurationList;
			buildConfigurations = (
				1EE9DFC11E82645C004A615A /* Debug */,
				1EE9DFC21E82645C004A615A /* Release */,
			);
			defaultConfigurationIsVisible = 0;
			defaultConfigurationName = Release;
		};
		1EE9DFC51E82645C004A615A /* Build configuration list for PBXNativeTarget "Watch App" */ = {
			isa = XCConfigurationList;
			buildConfigurations = (
				1EE9DFBF1E82645C004A615A /* Debug */,
				1EE9DFC01E82645C004A615A /* Release */,
			);
			defaultConfigurationIsVisible = 0;
			defaultConfigurationName = Release;
		};
/* End XCConfigurationList section */

/* Begin XCVersionGroup section */
		1ED9EFAB1E69ABCA002E4693 /* TestButtonClicked.xcdatamodeld */ = {
			isa = XCVersionGroup;
			children = (
				1ED9EFAC1E69ABCA002E4693 /* TestButtonClicked.xcdatamodel */,
			);
			currentVersion = 1ED9EFAC1E69ABCA002E4693 /* TestButtonClicked.xcdatamodel */;
			path = TestButtonClicked.xcdatamodeld;
			sourceTree = "<group>";
			versionGroupType = wrapper.xcdatamodel;
		};
/* End XCVersionGroup section */
	};
	rootObject = 1ED9EF941E69ABCA002E4693 /* Project object */;
}
